// !$*UTF8*$!
{
	archiveVersion = 1;
	classes = {
	};
	objectVersion = 46;
	objects = {

/* Begin PBXBuildFile section */
		D95B782415879BE1004590CA /* main.cpp in Sources */ = {isa = PBXBuildFile; fileRef = D95B782315879BE1004590CA /* main.cpp */; };
		D95B782615879BE1004590CA /* ColloidalGelRheology.1 in CopyFiles */ = {isa = PBXBuildFile; fileRef = D95B782515879BE1004590CA /* ColloidalGelRheology.1 */; };
		D95B782D15879C9F004590CA /* wall.cpp in Sources */ = {isa = PBXBuildFile; fileRef = D95B782C15879C9F004590CA /* wall.cpp */; };
		D95B783215879D6C004590CA /* system.cpp in Sources */ = {isa = PBXBuildFile; fileRef = D95B783115879D6C004590CA /* system.cpp */; };
		D95B783515879DE3004590CA /* quaternion.cpp in Sources */ = {isa = PBXBuildFile; fileRef = D95B783415879DE3004590CA /* quaternion.cpp */; };
		D95B783815879E29004590CA /* particle.cpp in Sources */ = {isa = PBXBuildFile; fileRef = D95B783715879E29004590CA /* particle.cpp */; };
		D95B783C15879E8E004590CA /* grid.cpp in Sources */ = {isa = PBXBuildFile; fileRef = D95B783B15879E8E004590CA /* grid.cpp */; };
		D95B784015879EFC004590CA /* contable.cpp in Sources */ = {isa = PBXBuildFile; fileRef = D95B783F15879EFC004590CA /* contable.cpp */; };
		D95B784415879F68004590CA /* bond.cpp in Sources */ = {isa = PBXBuildFile; fileRef = D95B784315879F67004590CA /* bond.cpp */; };
/* End PBXBuildFile section */

/* Begin PBXCopyFilesBuildPhase section */
		D95B781D15879BE1004590CA /* CopyFiles */ = {
			isa = PBXCopyFilesBuildPhase;
			buildActionMask = 2147483647;
			dstPath = /usr/share/man/man1/;
			dstSubfolderSpec = 0;
			files = (
				D95B782615879BE1004590CA /* ColloidalGelRheology.1 in CopyFiles */,
			);
			runOnlyForDeploymentPostprocessing = 1;
		};
/* End PBXCopyFilesBuildPhase section */

/* Begin PBXFileReference section */
		D95B781F15879BE1004590CA /* ColloidalGelRheology */ = {isa = PBXFileReference; explicitFileType = "compiled.mach-o.executable"; includeInIndex = 0; path = ColloidalGelRheology; sourceTree = BUILT_PRODUCTS_DIR; };
		D95B782315879BE1004590CA /* main.cpp */ = {isa = PBXFileReference; lastKnownFileType = sourcecode.cpp.cpp; path = main.cpp; sourceTree = "<group>"; };
		D95B782515879BE1004590CA /* ColloidalGelRheology.1 */ = {isa = PBXFileReference; lastKnownFileType = text.man; path = ColloidalGelRheology.1; sourceTree = "<group>"; };
		D95B782C15879C9F004590CA /* wall.cpp */ = {isa = PBXFileReference; fileEncoding = 4; lastKnownFileType = sourcecode.cpp.cpp; path = wall.cpp; sourceTree = "<group>"; };
		D95B782E15879CD7004590CA /* wall.h */ = {isa = PBXFileReference; lastKnownFileType = sourcecode.c.h; path = wall.h; sourceTree = "<group>"; };
		D95B782F15879D10004590CA /* vec3d.h */ = {isa = PBXFileReference; lastKnownFileType = sourcecode.c.h; path = vec3d.h; sourceTree = "<group>"; };
		D95B783015879D43004590CA /* system.h */ = {isa = PBXFileReference; lastKnownFileType = sourcecode.c.h; path = system.h; sourceTree = "<group>"; };
		D95B783115879D6C004590CA /* system.cpp */ = {isa = PBXFileReference; fileEncoding = 4; lastKnownFileType = sourcecode.cpp.cpp; path = system.cpp; sourceTree = "<group>"; };
		D95B783315879DA4004590CA /* quaternion.h */ = {isa = PBXFileReference; lastKnownFileType = sourcecode.c.h; path = quaternion.h; sourceTree = "<group>"; };
		D95B783415879DE3004590CA /* quaternion.cpp */ = {isa = PBXFileReference; fileEncoding = 4; lastKnownFileType = sourcecode.cpp.cpp; path = quaternion.cpp; sourceTree = "<group>"; };
		D95B783615879DFF004590CA /* particle.h */ = {isa = PBXFileReference; lastKnownFileType = sourcecode.c.h; path = particle.h; sourceTree = "<group>"; };
		D95B783715879E29004590CA /* particle.cpp */ = {isa = PBXFileReference; fileEncoding = 4; lastKnownFileType = sourcecode.cpp.cpp; path = particle.cpp; sourceTree = "<group>"; };
		D95B783915879E52004590CA /* output.h */ = {isa = PBXFileReference; lastKnownFileType = sourcecode.c.h; path = output.h; sourceTree = "<group>"; };
		D95B783A15879E73004590CA /* grid.h */ = {isa = PBXFileReference; lastKnownFileType = sourcecode.c.h; path = grid.h; sourceTree = "<group>"; };
		D95B783B15879E8E004590CA /* grid.cpp */ = {isa = PBXFileReference; fileEncoding = 4; lastKnownFileType = sourcecode.cpp.cpp; path = grid.cpp; sourceTree = "<group>"; };
		D95B783E15879EDB004590CA /* contable.h */ = {isa = PBXFileReference; lastKnownFileType = sourcecode.c.h; path = contable.h; sourceTree = "<group>"; };
		D95B783F15879EFC004590CA /* contable.cpp */ = {isa = PBXFileReference; fileEncoding = 4; lastKnownFileType = sourcecode.cpp.cpp; path = contable.cpp; sourceTree = "<group>"; };
		D95B784115879F32004590CA /* common.h */ = {isa = PBXFileReference; lastKnownFileType = sourcecode.c.h; path = common.h; sourceTree = "<group>"; };
		D95B784215879F43004590CA /* bond.h */ = {isa = PBXFileReference; lastKnownFileType = sourcecode.c.h; path = bond.h; sourceTree = "<group>"; };
		D95B784315879F67004590CA /* bond.cpp */ = {isa = PBXFileReference; fileEncoding = 4; lastKnownFileType = sourcecode.cpp.cpp; path = bond.cpp; sourceTree = "<group>"; };
/* End PBXFileReference section */

/* Begin PBXFrameworksBuildPhase section */
		D95B781C15879BE1004590CA /* Frameworks */ = {
			isa = PBXFrameworksBuildPhase;
			buildActionMask = 2147483647;
			files = (
			);
			runOnlyForDeploymentPostprocessing = 0;
		};
/* End PBXFrameworksBuildPhase section */

/* Begin PBXGroup section */
		D95B781415879BE0004590CA = {
			isa = PBXGroup;
			children = (
				D95B782215879BE1004590CA /* ColloidalGelRheology */,
				D95B782015879BE1004590CA /* Products */,
			);
			sourceTree = "<group>";
		};
		D95B782015879BE1004590CA /* Products */ = {
			isa = PBXGroup;
			children = (
				D95B781F15879BE1004590CA /* ColloidalGelRheology */,
			);
			name = Products;
			sourceTree = "<group>";
		};
		D95B782215879BE1004590CA /* ColloidalGelRheology */ = {
			isa = PBXGroup;
			children = (
				D95B782315879BE1004590CA /* main.cpp */,
				D95B782C15879C9F004590CA /* wall.cpp */,
				D95B782E15879CD7004590CA /* wall.h */,
				D95B782F15879D10004590CA /* vec3d.h */,
				D95B783015879D43004590CA /* system.h */,
				D95B783115879D6C004590CA /* system.cpp */,
				D95B783315879DA4004590CA /* quaternion.h */,
				D95B783415879DE3004590CA /* quaternion.cpp */,
				D95B783615879DFF004590CA /* particle.h */,
				D95B783715879E29004590CA /* particle.cpp */,
				D95B784215879F43004590CA /* bond.h */,
				D95B784315879F67004590CA /* bond.cpp */,
				D95B783915879E52004590CA /* output.h */,
				D95B783A15879E73004590CA /* grid.h */,
				D95B783B15879E8E004590CA /* grid.cpp */,
				D95B783E15879EDB004590CA /* contable.h */,
				D95B783F15879EFC004590CA /* contable.cpp */,
				D95B784115879F32004590CA /* common.h */,
				D95B782515879BE1004590CA /* ColloidalGelRheology.1 */,
			);
			path = ColloidalGelRheology;
			sourceTree = "<group>";
		};
/* End PBXGroup section */

/* Begin PBXNativeTarget section */
		D95B781E15879BE1004590CA /* ColloidalGelRheology */ = {
			isa = PBXNativeTarget;
			buildConfigurationList = D95B782915879BE1004590CA /* Build configuration list for PBXNativeTarget "ColloidalGelRheology" */;
			buildPhases = (
				D95B781B15879BE1004590CA /* Sources */,
				D95B781C15879BE1004590CA /* Frameworks */,
				D95B781D15879BE1004590CA /* CopyFiles */,
			);
			buildRules = (
			);
			dependencies = (
			);
			name = ColloidalGelRheology;
			productName = ColloidalGelRheology;
			productReference = D95B781F15879BE1004590CA /* ColloidalGelRheology */;
			productType = "com.apple.product-type.tool";
		};
/* End PBXNativeTarget section */

/* Begin PBXProject section */
		D95B781615879BE0004590CA /* Project object */ = {
			isa = PBXProject;
			attributes = {
				LastUpgradeCheck = 0430;
			};
			buildConfigurationList = D95B781915879BE0004590CA /* Build configuration list for PBXProject "ColloidalGelRheology" */;
			compatibilityVersion = "Xcode 3.2";
			developmentRegion = English;
			hasScannedForEncodings = 0;
			knownRegions = (
				en,
			);
			mainGroup = D95B781415879BE0004590CA;
			productRefGroup = D95B782015879BE1004590CA /* Products */;
			projectDirPath = "";
			projectRoot = "";
			targets = (
				D95B781E15879BE1004590CA /* ColloidalGelRheology */,
			);
		};
/* End PBXProject section */

/* Begin PBXSourcesBuildPhase section */
		D95B781B15879BE1004590CA /* Sources */ = {
			isa = PBXSourcesBuildPhase;
			buildActionMask = 2147483647;
			files = (
				D95B782415879BE1004590CA /* main.cpp in Sources */,
				D95B782D15879C9F004590CA /* wall.cpp in Sources */,
				D95B783215879D6C004590CA /* system.cpp in Sources */,
				D95B783515879DE3004590CA /* quaternion.cpp in Sources */,
				D95B783815879E29004590CA /* particle.cpp in Sources */,
				D95B783C15879E8E004590CA /* grid.cpp in Sources */,
				D95B784015879EFC004590CA /* contable.cpp in Sources */,
				D95B784415879F68004590CA /* bond.cpp in Sources */,
			);
			runOnlyForDeploymentPostprocessing = 0;
		};
/* End PBXSourcesBuildPhase section */

/* Begin XCBuildConfiguration section */
		D95B782715879BE1004590CA /* Debug */ = {
			isa = XCBuildConfiguration;
			buildSettings = {
				ALWAYS_SEARCH_USER_PATHS = NO;
				ARCHS = "$(ARCHS_STANDARD_64_BIT)";
				CLANG_ENABLE_OBJC_ARC = YES;
				COPY_PHASE_STRIP = NO;
				GCC_C_LANGUAGE_STANDARD = gnu99;
				GCC_DYNAMIC_NO_PIC = NO;
				GCC_ENABLE_OBJC_EXCEPTIONS = YES;
				GCC_OPTIMIZATION_LEVEL = 0;
				GCC_PREPROCESSOR_DEFINITIONS = (
					"DEBUG=1",
					"$(inherited)",
				);
				GCC_SYMBOLS_PRIVATE_EXTERN = NO;
				GCC_VERSION = com.apple.compilers.llvm.clang.1_0;
				GCC_WARN_64_TO_32_BIT_CONVERSION = YES;
				GCC_WARN_ABOUT_RETURN_TYPE = YES;
				GCC_WARN_UNINITIALIZED_AUTOS = YES;
				GCC_WARN_UNUSED_VARIABLE = YES;
				MACOSX_DEPLOYMENT_TARGET = 10.7;
				ONLY_ACTIVE_ARCH = YES;
				SDKROOT = macosx;
			};
			name = Debug;
		};
		D95B782815879BE1004590CA /* Release */ = {
			isa = XCBuildConfiguration;
			buildSettings = {
				ALWAYS_SEARCH_USER_PATHS = NO;
				ARCHS = "$(ARCHS_STANDARD_64_BIT)";
				CLANG_ENABLE_OBJC_ARC = YES;
				COPY_PHASE_STRIP = YES;
				DEBUG_INFORMATION_FORMAT = "dwarf-with-dsym";
				GCC_C_LANGUAGE_STANDARD = gnu99;
				GCC_ENABLE_OBJC_EXCEPTIONS = YES;
				GCC_VERSION = com.apple.compilers.llvm.clang.1_0;
				GCC_WARN_64_TO_32_BIT_CONVERSION = YES;
				GCC_WARN_ABOUT_RETURN_TYPE = YES;
				GCC_WARN_UNINITIALIZED_AUTOS = YES;
				GCC_WARN_UNUSED_VARIABLE = YES;
				MACOSX_DEPLOYMENT_TARGET = 10.7;
				SDKROOT = macosx;
			};
			name = Release;
		};
		D95B782A15879BE1004590CA /* Debug */ = {
			isa = XCBuildConfiguration;
			buildSettings = {
				GCC_PREPROCESSOR_DEFINITIONS_NOT_USED_IN_PRECOMPS = "TWODIMENSION=1";
				PRODUCT_NAME = "$(TARGET_NAME)";
			};
			name = Debug;
		};
		D95B782B15879BE1004590CA /* Release */ = {
			isa = XCBuildConfiguration;
			buildSettings = {
				GCC_PREPROCESSOR_DEFINITIONS_NOT_USED_IN_PRECOMPS = "TWODIMENSION=1";
				PRODUCT_NAME = "$(TARGET_NAME)";
			};
			name = Release;
		};
/* End XCBuildConfiguration section */

/* Begin XCConfigurationList section */
		D95B781915879BE0004590CA /* Build configuration list for PBXProject "ColloidalGelRheology" */ = {
			isa = XCConfigurationList;
			buildConfigurations = (
				D95B782715879BE1004590CA /* Debug */,
				D95B782815879BE1004590CA /* Release */,
			);
			defaultConfigurationIsVisible = 0;
			defaultConfigurationName = Release;
		};
		D95B782915879BE1004590CA /* Build configuration list for PBXNativeTarget "ColloidalGelRheology" */ = {
			isa = XCConfigurationList;
			buildConfigurations = (
				D95B782A15879BE1004590CA /* Debug */,
				D95B782B15879BE1004590CA /* Release */,
			);
			defaultConfigurationIsVisible = 0;
			defaultConfigurationName = Release;
		};
/* End XCConfigurationList section */
	};
	rootObject = D95B781615879BE0004590CA /* Project object */;
}
