// !$*UTF8*$!
{
	archiveVersion = 1;
	classes = {
	};
	objectVersion = 46;
	objects = {

/* Begin PBXBuildFile section */
		D95B782415879BE1004590CA /* main.cpp in Sources */ = {isa = PBXBuildFile; fileRef = D95B782315879BE1004590CA /* main.cpp */; };
		D95B782615879BE1004590CA /* ColloidalGelRheology.1 in CopyFiles */ = {isa = PBXBuildFile; fileRef = D95B782515879BE1004590CA /* ColloidalGelRheology.1 */; };
		D95B782D15879C9F004590CA /* wall.cpp in Sources */ = {isa = PBXBuildFile; fileRef = D95B782C15879C9F004590CA /* wall.cpp */; };
		D95B783215879D6C004590CA /* system.cpp in Sources */ = {isa = PBXBuildFile; fileRef = D95B783115879D6C004590CA /* system.cpp */; };
		D95B783815879E29004590CA /* particle.cpp in Sources */ = {isa = PBXBuildFile; fileRef = D95B783715879E29004590CA /* particle.cpp */; };
		D95B783C15879E8E004590CA /* grid.cpp in Sources */ = {isa = PBXBuildFile; fileRef = D95B783B15879E8E004590CA /* grid.cpp */; };
		D95B784015879EFC004590CA /* contable.cpp in Sources */ = {isa = PBXBuildFile; fileRef = D95B783F15879EFC004590CA /* contable.cpp */; };
		D95B784415879F68004590CA /* bond.cpp in Sources */ = {isa = PBXBuildFile; fileRef = D95B784315879F67004590CA /* bond.cpp */; };
		D98F8FDD1595598300CE8441 /* grid2.cpp in Sources */ = {isa = PBXBuildFile; fileRef = D98F8FDC1595598300CE8441 /* grid2.cpp */; };
		D998AC4B15DE5A1800A88A2E /* main.cpp in Sources */ = {isa = PBXBuildFile; fileRef = D998AC4A15DE5A1800A88A2E /* main.cpp */; };
		D998AC4D15DE5A1800A88A2E /* ConstructGelNetwork.1 in CopyFiles */ = {isa = PBXBuildFile; fileRef = D998AC4C15DE5A1800A88A2E /* ConstructGelNetwork.1 */; };
		D9A52A0E15DE62D0003C8FD8 /* vec2d.cpp in Sources */ = {isa = PBXBuildFile; fileRef = D9A52A0C15DE62D0003C8FD8 /* vec2d.cpp */; };
		D9A84DAD1592D67700B163BE /* main.cpp in Sources */ = {isa = PBXBuildFile; fileRef = D9A84DAC1592D67700B163BE /* main.cpp */; };
		D9A84DAF1592D67700B163BE /* StructureAnalysisCGR.1 in CopyFiles */ = {isa = PBXBuildFile; fileRef = D9A84DAE1592D67700B163BE /* StructureAnalysisCGR.1 */; };
		D9D2544A15E25CE500782067 /* Floc.cpp in Sources */ = {isa = PBXBuildFile; fileRef = D9D2544915E25CE500782067 /* Floc.cpp */; };
/* End PBXBuildFile section */

/* Begin PBXCopyFilesBuildPhase section */
		D95B781D15879BE1004590CA /* CopyFiles */ = {
			isa = PBXCopyFilesBuildPhase;
			buildActionMask = 2147483647;
			dstPath = /usr/share/man/man1;
			dstSubfolderSpec = 0;
			files = (
				D95B782615879BE1004590CA /* ColloidalGelRheology.1 in CopyFiles */,
			);
			runOnlyForDeploymentPostprocessing = 1;
		};
		D998AC4515DE5A1800A88A2E /* CopyFiles */ = {
			isa = PBXCopyFilesBuildPhase;
			buildActionMask = 2147483647;
			dstPath = /usr/share/man/man1/;
			dstSubfolderSpec = 0;
			files = (
				D998AC4D15DE5A1800A88A2E /* ConstructGelNetwork.1 in CopyFiles */,
			);
			runOnlyForDeploymentPostprocessing = 1;
		};
		D9A84DA71592D67700B163BE /* CopyFiles */ = {
			isa = PBXCopyFilesBuildPhase;
			buildActionMask = 2147483647;
			dstPath = /usr/share/man/man1/;
			dstSubfolderSpec = 0;
			files = (
				D9A84DAF1592D67700B163BE /* StructureAnalysisCGR.1 in CopyFiles */,
			);
			runOnlyForDeploymentPostprocessing = 1;
		};
/* End PBXCopyFilesBuildPhase section */

/* Begin PBXFileReference section */
		D912B81016B09642004787CF /* PostProcessCGR.pl */ = {isa = PBXFileReference; fileEncoding = 4; lastKnownFileType = text.script.perl; path = PostProcessCGR.pl; sourceTree = "<group>"; };
		D95B781F15879BE1004590CA /* ColloidalGelRheology */ = {isa = PBXFileReference; explicitFileType = "compiled.mach-o.executable"; includeInIndex = 0; path = ColloidalGelRheology; sourceTree = BUILT_PRODUCTS_DIR; };
		D95B782315879BE1004590CA /* main.cpp */ = {isa = PBXFileReference; lastKnownFileType = sourcecode.cpp.cpp; path = main.cpp; sourceTree = "<group>"; };
		D95B782515879BE1004590CA /* ColloidalGelRheology.1 */ = {isa = PBXFileReference; lastKnownFileType = text.man; path = ColloidalGelRheology.1; sourceTree = "<group>"; };
		D95B782C15879C9F004590CA /* wall.cpp */ = {isa = PBXFileReference; fileEncoding = 4; lastKnownFileType = sourcecode.cpp.cpp; path = wall.cpp; sourceTree = "<group>"; };
		D95B782E15879CD7004590CA /* wall.h */ = {isa = PBXFileReference; lastKnownFileType = sourcecode.c.h; path = wall.h; sourceTree = "<group>"; };
		D95B782F15879D10004590CA /* vec3d.h */ = {isa = PBXFileReference; lastKnownFileType = sourcecode.c.h; path = vec3d.h; sourceTree = "<group>"; };
		D95B783015879D43004590CA /* system.h */ = {isa = PBXFileReference; lastKnownFileType = sourcecode.c.h; path = system.h; sourceTree = "<group>"; xcLanguageSpecificationIdentifier = xcode.lang.cpp; };
		D95B783115879D6C004590CA /* system.cpp */ = {isa = PBXFileReference; fileEncoding = 4; lastKnownFileType = sourcecode.cpp.cpp; path = system.cpp; sourceTree = "<group>"; };
		D95B783315879DA4004590CA /* quaternion.h */ = {isa = PBXFileReference; lastKnownFileType = sourcecode.c.h; path = quaternion.h; sourceTree = "<group>"; };
		D95B783615879DFF004590CA /* particle.h */ = {isa = PBXFileReference; lastKnownFileType = sourcecode.c.h; path = particle.h; sourceTree = "<group>"; };
		D95B783715879E29004590CA /* particle.cpp */ = {isa = PBXFileReference; fileEncoding = 4; lastKnownFileType = sourcecode.cpp.cpp; path = particle.cpp; sourceTree = "<group>"; };
		D95B783915879E52004590CA /* output.h */ = {isa = PBXFileReference; lastKnownFileType = sourcecode.c.h; path = output.h; sourceTree = "<group>"; };
		D95B783A15879E73004590CA /* grid.h */ = {isa = PBXFileReference; lastKnownFileType = sourcecode.c.h; path = grid.h; sourceTree = "<group>"; };
		D95B783B15879E8E004590CA /* grid.cpp */ = {isa = PBXFileReference; fileEncoding = 4; lastKnownFileType = sourcecode.cpp.cpp; path = grid.cpp; sourceTree = "<group>"; };
		D95B783E15879EDB004590CA /* contable.h */ = {isa = PBXFileReference; lastKnownFileType = sourcecode.c.h; path = contable.h; sourceTree = "<group>"; };
		D95B783F15879EFC004590CA /* contable.cpp */ = {isa = PBXFileReference; fileEncoding = 4; lastKnownFileType = sourcecode.cpp.cpp; path = contable.cpp; sourceTree = "<group>"; };
		D95B784115879F32004590CA /* common.h */ = {isa = PBXFileReference; lastKnownFileType = sourcecode.c.h; path = common.h; sourceTree = "<group>"; };
		D95B784215879F43004590CA /* bond.h */ = {isa = PBXFileReference; lastKnownFileType = sourcecode.c.h; path = bond.h; sourceTree = "<group>"; };
		D95B784315879F67004590CA /* bond.cpp */ = {isa = PBXFileReference; fileEncoding = 4; lastKnownFileType = sourcecode.cpp.cpp; path = bond.cpp; sourceTree = "<group>"; };
		D95CB3EE1927DF0B00BB7F59 /* StressTensor.h */ = {isa = PBXFileReference; fileEncoding = 4; lastKnownFileType = sourcecode.c.h; path = StressTensor.h; sourceTree = "<group>"; };
		D98F8FDB1595597700CE8441 /* grid2.h */ = {isa = PBXFileReference; explicitFileType = sourcecode.cpp.h; path = grid2.h; sourceTree = "<group>"; };
		D98F8FDC1595598300CE8441 /* grid2.cpp */ = {isa = PBXFileReference; fileEncoding = 4; lastKnownFileType = sourcecode.cpp.cpp; path = grid2.cpp; sourceTree = "<group>"; };
		D998AC4715DE5A1800A88A2E /* ConstructGelNetwork */ = {isa = PBXFileReference; explicitFileType = "compiled.mach-o.executable"; includeInIndex = 0; path = ConstructGelNetwork; sourceTree = BUILT_PRODUCTS_DIR; };
		D998AC4A15DE5A1800A88A2E /* main.cpp */ = {isa = PBXFileReference; lastKnownFileType = sourcecode.cpp.cpp; path = main.cpp; sourceTree = "<group>"; };
		D998AC4C15DE5A1800A88A2E /* ConstructGelNetwork.1 */ = {isa = PBXFileReference; lastKnownFileType = text.man; path = ConstructGelNetwork.1; sourceTree = "<group>"; };
		D998AC5615DE5F4500A88A2E /* twodim.h */ = {isa = PBXFileReference; fileEncoding = 4; lastKnownFileType = sourcecode.c.h; path = twodim.h; sourceTree = "<group>"; };
		D998AC5715DE5F8000A88A2E /* threedim.h */ = {isa = PBXFileReference; fileEncoding = 4; lastKnownFileType = sourcecode.c.h; path = threedim.h; sourceTree = "<group>"; };
		D998AC5815DE5FB800A88A2E /* tools.h */ = {isa = PBXFileReference; fileEncoding = 4; lastKnownFileType = sourcecode.c.h; path = tools.h; sourceTree = "<group>"; };
		D9A52A0C15DE62D0003C8FD8 /* vec2d.cpp */ = {isa = PBXFileReference; fileEncoding = 4; lastKnownFileType = sourcecode.cpp.cpp; path = vec2d.cpp; sourceTree = "<group>"; };
		D9A52A0D15DE62D0003C8FD8 /* vec2d.h */ = {isa = PBXFileReference; fileEncoding = 4; lastKnownFileType = sourcecode.c.h; path = vec2d.h; sourceTree = "<group>"; };
		D9A84DA91592D67700B163BE /* StructureAnalysisCGR */ = {isa = PBXFileReference; explicitFileType = "compiled.mach-o.executable"; includeInIndex = 0; path = StructureAnalysisCGR; sourceTree = BUILT_PRODUCTS_DIR; };
		D9A84DAC1592D67700B163BE /* main.cpp */ = {isa = PBXFileReference; lastKnownFileType = sourcecode.cpp.cpp; path = main.cpp; sourceTree = "<group>"; };
		D9A84DAE1592D67700B163BE /* StructureAnalysisCGR.1 */ = {isa = PBXFileReference; lastKnownFileType = text.man; path = StructureAnalysisCGR.1; sourceTree = "<group>"; };
		D9D2544815E25CDA00782067 /* Floc.h */ = {isa = PBXFileReference; fileEncoding = 4; lastKnownFileType = sourcecode.c.h; path = Floc.h; sourceTree = "<group>"; };
		D9D2544915E25CE500782067 /* Floc.cpp */ = {isa = PBXFileReference; fileEncoding = 4; lastKnownFileType = sourcecode.cpp.cpp; path = Floc.cpp; sourceTree = "<group>"; };
/* End PBXFileReference section */

/* Begin PBXFrameworksBuildPhase section */
		D95B781C15879BE1004590CA /* Frameworks */ = {
			isa = PBXFrameworksBuildPhase;
			buildActionMask = 2147483647;
			files = (
			);
			runOnlyForDeploymentPostprocessing = 0;
		};
		D998AC4415DE5A1800A88A2E /* Frameworks */ = {
			isa = PBXFrameworksBuildPhase;
			buildActionMask = 2147483647;
			files = (
			);
			runOnlyForDeploymentPostprocessing = 0;
		};
		D9A84DA61592D67700B163BE /* Frameworks */ = {
			isa = PBXFrameworksBuildPhase;
			buildActionMask = 2147483647;
			files = (
			);
			runOnlyForDeploymentPostprocessing = 0;
		};
/* End PBXFrameworksBuildPhase section */

/* Begin PBXGroup section */
		D95B781415879BE0004590CA = {
			isa = PBXGroup;
			children = (
				D95B782215879BE1004590CA /* ColloidalGelRheology */,
				D9A84DAB1592D67700B163BE /* StructureAnalysisCGR */,
				D998AC4915DE5A1800A88A2E /* ConstructGelNetwork */,
				D95B782015879BE1004590CA /* Products */,
			);
			sourceTree = "<group>";
		};
		D95B782015879BE1004590CA /* Products */ = {
			isa = PBXGroup;
			children = (
				D95B781F15879BE1004590CA /* ColloidalGelRheology */,
				D9A84DA91592D67700B163BE /* StructureAnalysisCGR */,
				D998AC4715DE5A1800A88A2E /* ConstructGelNetwork */,
			);
			name = Products;
			sourceTree = "<group>";
		};
		D95B782215879BE1004590CA /* ColloidalGelRheology */ = {
			isa = PBXGroup;
			children = (
				D95B782315879BE1004590CA /* main.cpp */,
				D912B81016B09642004787CF /* PostProcessCGR.pl */,
				D95B782F15879D10004590CA /* vec3d.h */,
				D95B783015879D43004590CA /* system.h */,
				D95B783115879D6C004590CA /* system.cpp */,
				D95B784215879F43004590CA /* bond.h */,
				D95B784315879F67004590CA /* bond.cpp */,
				D95CB3EE1927DF0B00BB7F59 /* StressTensor.h */,
				D95B783615879DFF004590CA /* particle.h */,
				D95B783715879E29004590CA /* particle.cpp */,
				D95B782C15879C9F004590CA /* wall.cpp */,
				D95B782E15879CD7004590CA /* wall.h */,
				D95B783315879DA4004590CA /* quaternion.h */,
				D95B783915879E52004590CA /* output.h */,
				D95B783B15879E8E004590CA /* grid.cpp */,
				D95B783A15879E73004590CA /* grid.h */,
				D95B783E15879EDB004590CA /* contable.h */,
				D95B783F15879EFC004590CA /* contable.cpp */,
				D95B784115879F32004590CA /* common.h */,
				D95B782515879BE1004590CA /* ColloidalGelRheology.1 */,
			);
			path = ColloidalGelRheology;
			sourceTree = "<group>";
		};
		D998AC4915DE5A1800A88A2E /* ConstructGelNetwork */ = {
			isa = PBXGroup;
			children = (
				D998AC4A15DE5A1800A88A2E /* main.cpp */,
				D9D2544815E25CDA00782067 /* Floc.h */,
				D9D2544915E25CE500782067 /* Floc.cpp */,
				D9A52A0D15DE62D0003C8FD8 /* vec2d.h */,
				D9A52A0C15DE62D0003C8FD8 /* vec2d.cpp */,
				D998AC5615DE5F4500A88A2E /* twodim.h */,
				D998AC5715DE5F8000A88A2E /* threedim.h */,
				D998AC5815DE5FB800A88A2E /* tools.h */,
				D998AC4C15DE5A1800A88A2E /* ConstructGelNetwork.1 */,
			);
			path = ConstructGelNetwork;
			sourceTree = "<group>";
		};
		D9A84DAB1592D67700B163BE /* StructureAnalysisCGR */ = {
			isa = PBXGroup;
			children = (
				D9A84DAC1592D67700B163BE /* main.cpp */,
				D98F8FDB1595597700CE8441 /* grid2.h */,
				D98F8FDC1595598300CE8441 /* grid2.cpp */,
				D9A84DAE1592D67700B163BE /* StructureAnalysisCGR.1 */,
			);
			path = StructureAnalysisCGR;
			sourceTree = "<group>";
		};
/* End PBXGroup section */

/* Begin PBXNativeTarget section */
		D95B781E15879BE1004590CA /* ColloidalGelRheology */ = {
			isa = PBXNativeTarget;
			buildConfigurationList = D95B782915879BE1004590CA /* Build configuration list for PBXNativeTarget "ColloidalGelRheology" */;
			buildPhases = (
				D95B781B15879BE1004590CA /* Sources */,
				D95B781C15879BE1004590CA /* Frameworks */,
				D95B781D15879BE1004590CA /* CopyFiles */,
			);
			buildRules = (
			);
			dependencies = (
			);
			name = ColloidalGelRheology;
			productName = ColloidalGelRheology;
			productReference = D95B781F15879BE1004590CA /* ColloidalGelRheology */;
			productType = "com.apple.product-type.tool";
		};
		D998AC4615DE5A1800A88A2E /* ConstructGelNetwork */ = {
			isa = PBXNativeTarget;
			buildConfigurationList = D998AC5015DE5A1800A88A2E /* Build configuration list for PBXNativeTarget "ConstructGelNetwork" */;
			buildPhases = (
				D998AC4315DE5A1800A88A2E /* Sources */,
				D998AC4415DE5A1800A88A2E /* Frameworks */,
				D998AC4515DE5A1800A88A2E /* CopyFiles */,
			);
			buildRules = (
			);
			dependencies = (
			);
			name = ConstructGelNetwork;
			productName = ConstructGelNetwork;
			productReference = D998AC4715DE5A1800A88A2E /* ConstructGelNetwork */;
			productType = "com.apple.product-type.tool";
		};
		D9A84DA81592D67700B163BE /* StructureAnalysisCGR */ = {
			isa = PBXNativeTarget;
			buildConfigurationList = D9A84DB21592D67700B163BE /* Build configuration list for PBXNativeTarget "StructureAnalysisCGR" */;
			buildPhases = (
				D9A84DA51592D67700B163BE /* Sources */,
				D9A84DA61592D67700B163BE /* Frameworks */,
				D9A84DA71592D67700B163BE /* CopyFiles */,
			);
			buildRules = (
			);
			dependencies = (
			);
			name = StructureAnalysisCGR;
			productName = StructureAnalysisCGR;
			productReference = D9A84DA91592D67700B163BE /* StructureAnalysisCGR */;
			productType = "com.apple.product-type.tool";
		};
/* End PBXNativeTarget section */

/* Begin PBXProject section */
		D95B781615879BE0004590CA /* Project object */ = {
			isa = PBXProject;
			attributes = {
				LastUpgradeCheck = 0720;
			};
			buildConfigurationList = D95B781915879BE0004590CA /* Build configuration list for PBXProject "ColloidalGelRheology" */;
			compatibilityVersion = "Xcode 3.2";
			developmentRegion = English;
			hasScannedForEncodings = 0;
			knownRegions = (
				en,
			);
			mainGroup = D95B781415879BE0004590CA;
			productRefGroup = D95B782015879BE1004590CA /* Products */;
			projectDirPath = "";
			projectRoot = "";
			targets = (
				D95B781E15879BE1004590CA /* ColloidalGelRheology */,
				D9A84DA81592D67700B163BE /* StructureAnalysisCGR */,
				D998AC4615DE5A1800A88A2E /* ConstructGelNetwork */,
			);
		};
/* End PBXProject section */

/* Begin PBXSourcesBuildPhase section */
		D95B781B15879BE1004590CA /* Sources */ = {
			isa = PBXSourcesBuildPhase;
			buildActionMask = 2147483647;
			files = (
				D95B782415879BE1004590CA /* main.cpp in Sources */,
				D95B782D15879C9F004590CA /* wall.cpp in Sources */,
				D95B783215879D6C004590CA /* system.cpp in Sources */,
				D95B783815879E29004590CA /* particle.cpp in Sources */,
				D95B783C15879E8E004590CA /* grid.cpp in Sources */,
				D95B784015879EFC004590CA /* contable.cpp in Sources */,
				D95B784415879F68004590CA /* bond.cpp in Sources */,
			);
			runOnlyForDeploymentPostprocessing = 0;
		};
		D998AC4315DE5A1800A88A2E /* Sources */ = {
			isa = PBXSourcesBuildPhase;
			buildActionMask = 2147483647;
			files = (
				D998AC4B15DE5A1800A88A2E /* main.cpp in Sources */,
				D9A52A0E15DE62D0003C8FD8 /* vec2d.cpp in Sources */,
				D9D2544A15E25CE500782067 /* Floc.cpp in Sources */,
			);
			runOnlyForDeploymentPostprocessing = 0;
		};
		D9A84DA51592D67700B163BE /* Sources */ = {
			isa = PBXSourcesBuildPhase;
			buildActionMask = 2147483647;
			files = (
				D9A84DAD1592D67700B163BE /* main.cpp in Sources */,
				D98F8FDD1595598300CE8441 /* grid2.cpp in Sources */,
			);
			runOnlyForDeploymentPostprocessing = 0;
		};
/* End PBXSourcesBuildPhase section */

/* Begin XCBuildConfiguration section */
		D95B782715879BE1004590CA /* Debug */ = {
			isa = XCBuildConfiguration;
			buildSettings = {
				ALWAYS_SEARCH_USER_PATHS = NO;
				CLANG_ENABLE_OBJC_ARC = YES;
				CLANG_WARN_BOOL_CONVERSION = YES;
				CLANG_WARN_CONSTANT_CONVERSION = YES;
				CLANG_WARN_EMPTY_BODY = YES;
				CLANG_WARN_ENUM_CONVERSION = YES;
				CLANG_WARN_INT_CONVERSION = YES;
				CLANG_WARN_UNREACHABLE_CODE = YES;
				CLANG_WARN__DUPLICATE_METHOD_MATCH = YES;
				COPY_PHASE_STRIP = NO;
				ENABLE_STRICT_OBJC_MSGSEND = YES;
				ENABLE_TESTABILITY = YES;
				GCC_C_LANGUAGE_STANDARD = "compiler-default";
				GCC_DYNAMIC_NO_PIC = NO;
				GCC_ENABLE_OBJC_EXCEPTIONS = YES;
				GCC_NO_COMMON_BLOCKS = YES;
				GCC_OPTIMIZATION_LEVEL = 3;
				GCC_PREPROCESSOR_DEFINITIONS = (
					"DEBUG=1",
					"$(inherited)",
				);
				GCC_SYMBOLS_PRIVATE_EXTERN = NO;
				GCC_VERSION = com.apple.compilers.llvm.clang.1_0;
				GCC_WARN_64_TO_32_BIT_CONVERSION = YES;
				GCC_WARN_ABOUT_RETURN_TYPE = YES;
				GCC_WARN_UNDECLARED_SELECTOR = YES;
				GCC_WARN_UNINITIALIZED_AUTOS = YES;
				GCC_WARN_UNUSED_FUNCTION = YES;
				GCC_WARN_UNUSED_VARIABLE = YES;
				MACOSX_DEPLOYMENT_TARGET = 10.11;
				ONLY_ACTIVE_ARCH = YES;
				OTHER_CPLUSPLUSFLAGS = (
					"$(OTHER_CFLAGS)",
					"-std=c++11",
				);
				SDKROOT = macosx;
				VALID_ARCHS = x86_64;
			};
			name = Debug;
		};
		D95B782815879BE1004590CA /* Release */ = {
			isa = XCBuildConfiguration;
			buildSettings = {
				ALWAYS_SEARCH_USER_PATHS = NO;
				CLANG_ENABLE_OBJC_ARC = YES;
				CLANG_WARN_BOOL_CONVERSION = YES;
				CLANG_WARN_CONSTANT_CONVERSION = YES;
				CLANG_WARN_EMPTY_BODY = YES;
				CLANG_WARN_ENUM_CONVERSION = YES;
				CLANG_WARN_INT_CONVERSION = YES;
				CLANG_WARN_UNREACHABLE_CODE = YES;
				CLANG_WARN__DUPLICATE_METHOD_MATCH = YES;
				COPY_PHASE_STRIP = YES;
				DEBUG_INFORMATION_FORMAT = "dwarf-with-dsym";
				ENABLE_STRICT_OBJC_MSGSEND = YES;
				GCC_C_LANGUAGE_STANDARD = "compiler-default";
				GCC_ENABLE_OBJC_EXCEPTIONS = YES;
				GCC_NO_COMMON_BLOCKS = YES;
				GCC_OPTIMIZATION_LEVEL = 3;
				GCC_VERSION = com.apple.compilers.llvm.clang.1_0;
				GCC_WARN_64_TO_32_BIT_CONVERSION = YES;
				GCC_WARN_ABOUT_RETURN_TYPE = YES;
				GCC_WARN_UNDECLARED_SELECTOR = YES;
				GCC_WARN_UNINITIALIZED_AUTOS = YES;
				GCC_WARN_UNUSED_FUNCTION = YES;
				GCC_WARN_UNUSED_VARIABLE = YES;
				MACOSX_DEPLOYMENT_TARGET = 10.11;
				OTHER_CPLUSPLUSFLAGS = (
					"$(OTHER_CFLAGS)",
					"-std=c++11",
				);
				SDKROOT = macosx;
				VALID_ARCHS = x86_64;
			};
			name = Release;
		};
		D95B782A15879BE1004590CA /* Debug */ = {
			isa = XCBuildConfiguration;
			buildSettings = {
				GCC_PREPROCESSOR_DEFINITIONS_NOT_USED_IN_PRECOMPS = "TWODIMENSION=1";
				INSTALL_PATH = $HOME/bin;
				ONLY_ACTIVE_ARCH = NO;
				PRODUCT_NAME = "$(TARGET_NAME)";
				VALID_ARCHS = x86_64;
			};
			name = Debug;
		};
		D95B782B15879BE1004590CA /* Release */ = {
			isa = XCBuildConfiguration;
			buildSettings = {
				GCC_OPTIMIZATION_LEVEL = 3;
				GCC_PREPROCESSOR_DEFINITIONS_NOT_USED_IN_PRECOMPS = "TWODIMENSION=1";
				INSTALL_PATH = $HOME/bin;
				ONLY_ACTIVE_ARCH = YES;
				PRODUCT_NAME = "$(TARGET_NAME)";
				VALID_ARCHS = x86_64;
			};
			name = Release;
		};
		D998AC4E15DE5A1800A88A2E /* Debug */ = {
			isa = XCBuildConfiguration;
			buildSettings = {
				CLANG_CXX_LANGUAGE_STANDARD = "gnu++0x";
				CLANG_WARN__DUPLICATE_METHOD_MATCH = YES;
				INSTALL_PATH = $HOME/bin;
				MACOSX_DEPLOYMENT_TARGET = 10.8;
				PRODUCT_NAME = "$(TARGET_NAME)";
			};
			name = Debug;
		};
		D998AC4F15DE5A1800A88A2E /* Release */ = {
			isa = XCBuildConfiguration;
			buildSettings = {
				CLANG_CXX_LANGUAGE_STANDARD = "gnu++0x";
				CLANG_WARN__DUPLICATE_METHOD_MATCH = YES;
				GCC_OPTIMIZATION_LEVEL = 3;
				INSTALL_PATH = $HOME/bin;
				MACOSX_DEPLOYMENT_TARGET = 10.8;
				PRODUCT_NAME = "$(TARGET_NAME)";
			};
			name = Release;
		};
		D9A84DB01592D67700B163BE /* Debug */ = {
			isa = XCBuildConfiguration;
			buildSettings = {
				DEPLOYMENT_LOCATION = NO;
				DEPLOYMENT_POSTPROCESSING = NO;
				GCC_PREPROCESSOR_DEFINITIONS_NOT_USED_IN_PRECOMPS = "TWODIMENSION=1";
				INSTALL_PATH = $HOME/bin;
				ONLY_ACTIVE_ARCH = NO;
				PRODUCT_DEFINITION_PLIST = "";
				PRODUCT_NAME = "$(TARGET_NAME)";
				SKIP_INSTALL = NO;
				VALID_ARCHS = x86_64;
			};
			name = Debug;
		};
		D9A84DB11592D67700B163BE /* Release */ = {
			isa = XCBuildConfiguration;
			buildSettings = {
				DEPLOYMENT_LOCATION = NO;
				DEPLOYMENT_POSTPROCESSING = NO;
				GCC_OPTIMIZATION_LEVEL = 3;
				GCC_PREPROCESSOR_DEFINITIONS_NOT_USED_IN_PRECOMPS = "TWODIMENSION=1";
				INSTALL_PATH = $HOME/bin;
				ONLY_ACTIVE_ARCH = YES;
				PRODUCT_DEFINITION_PLIST = "";
				PRODUCT_NAME = "$(TARGET_NAME)";
				SKIP_INSTALL = NO;
				VALID_ARCHS = x86_64;
			};
			name = Release;
		};
/* End XCBuildConfiguration section */

/* Begin XCConfigurationList section */
		D95B781915879BE0004590CA /* Build configuration list for PBXProject "ColloidalGelRheology" */ = {
			isa = XCConfigurationList;
			buildConfigurations = (
				D95B782715879BE1004590CA /* Debug */,
				D95B782815879BE1004590CA /* Release */,
			);
			defaultConfigurationIsVisible = 0;
			defaultConfigurationName = Release;
		};
		D95B782915879BE1004590CA /* Build configuration list for PBXNativeTarget "ColloidalGelRheology" */ = {
			isa = XCConfigurationList;
			buildConfigurations = (
				D95B782A15879BE1004590CA /* Debug */,
				D95B782B15879BE1004590CA /* Release */,
			);
			defaultConfigurationIsVisible = 0;
			defaultConfigurationName = Release;
		};
		D998AC5015DE5A1800A88A2E /* Build configuration list for PBXNativeTarget "ConstructGelNetwork" */ = {
			isa = XCConfigurationList;
			buildConfigurations = (
				D998AC4E15DE5A1800A88A2E /* Debug */,
				D998AC4F15DE5A1800A88A2E /* Release */,
			);
			defaultConfigurationIsVisible = 0;
			defaultConfigurationName = Release;
		};
		D9A84DB21592D67700B163BE /* Build configuration list for PBXNativeTarget "StructureAnalysisCGR" */ = {
			isa = XCConfigurationList;
			buildConfigurations = (
				D9A84DB01592D67700B163BE /* Debug */,
				D9A84DB11592D67700B163BE /* Release */,
			);
			defaultConfigurationIsVisible = 0;
			defaultConfigurationName = Release;
		};
/* End XCConfigurationList section */
	};
	rootObject = D95B781615879BE0004590CA /* Project object */;
}
