<?xml version="1.0" encoding="UTF-8"?>
<Scheme
   LastUpgradeVersion = "0500"
   version = "1.7">
   <BuildAction
      parallelizeBuildables = "YES"
      buildImplicitDependencies = "YES">
      <PostActions>
         <ExecutionAction
            ActionType = "Xcode.IDEStandardExecutionActionsCore.ExecutionActionType.ShellScriptAction">
            <ActionContent
               title = "Run Script"
               scriptText = "binary=$HOME/Library/Developer/Xcode/DerivedData/ColloidalGelRheology-hkfvwzpjmmsciqabgpyagiphcggl/Build/Products/Release/StructureAnalysisCGR&#10;cp $binary $HOME/bin/">
               <EnvironmentBuildable>
                  <BuildableReference
                     BuildableIdentifier = "primary"
                     BlueprintIdentifier = "D9A84DA81592D67700B163BE"
                     BuildableName = "StructureAnalysisCGR"
                     BlueprintName = "StructureAnalysisCGR"
                     ReferencedContainer = "container:ColloidalGelRheology.xcodeproj">
                  </BuildableReference>
               </EnvironmentBuildable>
            </ActionContent>
         </ExecutionAction>
      </PostActions>
      <BuildActionEntries>
         <BuildActionEntry
            buildForTesting = "YES"
            buildForRunning = "YES"
            buildForProfiling = "YES"
            buildForArchiving = "YES"
            buildForAnalyzing = "YES">
            <BuildableReference
               BuildableIdentifier = "primary"
               BlueprintIdentifier = "D9A84DA81592D67700B163BE"
               BuildableName = "StructureAnalysisCGR"
               BlueprintName = "StructureAnalysisCGR"
               ReferencedContainer = "container:ColloidalGelRheology.xcodeproj">
            </BuildableReference>
         </BuildActionEntry>
      </BuildActionEntries>
   </BuildAction>
   <TestAction
      selectedDebuggerIdentifier = "Xcode.DebuggerFoundation.Debugger.LLDB"
      selectedLauncherIdentifier = "Xcode.DebuggerFoundation.Launcher.LLDB"
      shouldUseLaunchSchemeArgsEnv = "YES"
      buildConfiguration = "Debug">
      <Testables>
      </Testables>
      <MacroExpansion>
         <BuildableReference
            BuildableIdentifier = "primary"
            BlueprintIdentifier = "D9A84DA81592D67700B163BE"
            BuildableName = "StructureAnalysisCGR"
            BlueprintName = "StructureAnalysisCGR"
            ReferencedContainer = "container:ColloidalGelRheology.xcodeproj">
         </BuildableReference>
      </MacroExpansion>
   </TestAction>
   <LaunchAction
      selectedDebuggerIdentifier = "Xcode.DebuggerFoundation.Debugger.LLDB"
      selectedLauncherIdentifier = "Xcode.DebuggerFoundation.Launcher.LLDB"
      launchStyle = "0"
      useCustomWorkingDirectory = "YES"
      customWorkingDirectory = "/Users/seto/Documents/data/energy/simu_W300H500"
      buildConfiguration = "Release"
      ignoresPersistentStateOnLaunch = "NO"
      debugDocumentVersioning = "YES"
      allowLocationSimulation = "YES">
      <BuildableProductRunnable>
         <BuildableReference
            BuildableIdentifier = "primary"
            BlueprintIdentifier = "D9A84DA81592D67700B163BE"
            BuildableName = "StructureAnalysisCGR"
            BlueprintName = "StructureAnalysisCGR"
            ReferencedContainer = "container:ColloidalGelRheology.xcodeproj">
         </BuildableReference>
      </BuildableProductRunnable>
      <CommandLineArguments>
         <CommandLineArgument
            argument = "c"
            isEnabled = "YES">
         </CommandLineArgument>
         <CommandLineArgument
            argument = "conf_simu5_CRW_2D_W300H500_cca64_phi0.12_rand1_p_1.dat"
            isEnabled = "YES">
         </CommandLineArgument>
         <CommandLineArgument
            argument = "d"
            isEnabled = "YES">
         </CommandLineArgument>
      </CommandLineArguments>
      <AdditionalOptions>
      </AdditionalOptions>
   </LaunchAction>
   <ProfileAction
      shouldUseLaunchSchemeArgsEnv = "YES"
      savedToolIdentifier = ""
      useCustomWorkingDirectory = "NO"
      buildConfiguration = "Release"
      debugDocumentVersioning = "YES">
      <BuildableProductRunnable>
         <BuildableReference
            BuildableIdentifier = "primary"
            BlueprintIdentifier = "D9A84DA81592D67700B163BE"
            BuildableName = "StructureAnalysisCGR"
            BlueprintName = "StructureAnalysisCGR"
            ReferencedContainer = "container:ColloidalGelRheology.xcodeproj">
         </BuildableReference>
      </BuildableProductRunnable>
   </ProfileAction>
   <AnalyzeAction
      buildConfiguration = "Debug">
   </AnalyzeAction>
   <ArchiveAction
      buildConfiguration = "Release"
      revealArchiveInOrganizer = "YES">
   </ArchiveAction>
</Scheme>
